
Microsoft Visual Studio Solution File, Format Version 12.00
# Visual Studio Version 17
VisualStudioVersion = 17.11.35303.130
MinimumVisualStudioVersion = 10.0.40219.1
Project("{FAE04EC0-301F-11D3-BF4B-00C04F79EFBC}") = "TjuvochPolis1", "TjuvochPolis1\TjuvochPolis1.csproj", "{17E99EE7-99FA-49FF-96AD-F180E08D6352}"
EndProject
Global
	GlobalSection(SolutionConfigurationPlatforms) = preSolution
		Debug|Any CPU = Debug|Any CPU
		Release|Any CPU = Release|Any CPU
	EndGlobalSection
	GlobalSection(ProjectConfigurationPlatforms) = postSolution
		{17E99EE7-99FA-49FF-96AD-F180E08D6352}.Debug|Any CPU.ActiveCfg = Debug|Any CPU
		{17E99EE7-99FA-49FF-96AD-F180E08D6352}.Debug|Any CPU.Build.0 = Debug|Any CPU
		{17E99EE7-99FA-49FF-96AD-F180E08D6352}.Release|Any CPU.ActiveCfg = Release|Any CPU
		{17E99EE7-99FA-49FF-96AD-F180E08D6352}.Release|Any CPU.Build.0 = Release|Any CPU
	EndGlobalSection
	GlobalSection(SolutionProperties) = preSolution
		HideSolutionNode = FALSE
	EndGlobalSection
	GlobalSection(ExtensibilityGlobals) = postSolution
		SolutionGuid = {4468724D-68F0-4898-A6A1-909531B22FB8}
	EndGlobalSection
EndGlobal
